
Microsoft Visual Studio Solution File, Format Version 12.00
# Visual Studio Version 17
VisualStudioVersion = 17.8.34322.80
MinimumVisualStudioVersion = 10.0.40219.1
Project("{9A19103F-16F7-4668-BE54-9A1E7A4F7556}") = "Ignite", "Ignite\Ignite.csproj", "{A9E3667A-2E62-4B9B-9CFD-B56690FDEB2F}"
EndProject
Project("{2150E333-8FDC-42A3-9474-1A3956D46DE8}") = "Analyzers", "Analyzers", "{DC472E1F-C2E1-4950-8635-B83DDEC24F38}"
EndProject
Project("{9A19103F-16F7-4668-BE54-9A1E7A4F7556}") = "Ignite.Generator", "Analyzers\Ignite.Generator\Ignite.Generator.csproj", "{CA78F110-3D00-432A-A063-2152DF790645}"
EndProject
Global
	GlobalSection(SolutionConfigurationPlatforms) = preSolution
		Debug|Any CPU = Debug|Any CPU
		Release|Any CPU = Release|Any CPU
	EndGlobalSection
	GlobalSection(ProjectConfigurationPlatforms) = postSolution
		{A9E3667A-2E62-4B9B-9CFD-B56690FDEB2F}.Debug|Any CPU.ActiveCfg = Debug|Any CPU
		{A9E3667A-2E62-4B9B-9CFD-B56690FDEB2F}.Debug|Any CPU.Build.0 = Debug|Any CPU
		{A9E3667A-2E62-4B9B-9CFD-B56690FDEB2F}.Release|Any CPU.ActiveCfg = Release|Any CPU
		{A9E3667A-2E62-4B9B-9CFD-B56690FDEB2F}.Release|Any CPU.Build.0 = Release|Any CPU
		{CA78F110-3D00-432A-A063-2152DF790645}.Debug|Any CPU.ActiveCfg = Debug|Any CPU
		{CA78F110-3D00-432A-A063-2152DF790645}.Debug|Any CPU.Build.0 = Debug|Any CPU
		{CA78F110-3D00-432A-A063-2152DF790645}.Release|Any CPU.ActiveCfg = Release|Any CPU
		{CA78F110-3D00-432A-A063-2152DF790645}.Release|Any CPU.Build.0 = Release|Any CPU
	EndGlobalSection
	GlobalSection(SolutionProperties) = preSolution
		HideSolutionNode = FALSE
	EndGlobalSection
	GlobalSection(NestedProjects) = preSolution
		{CA78F110-3D00-432A-A063-2152DF790645} = {DC472E1F-C2E1-4950-8635-B83DDEC24F38}
	EndGlobalSection
	GlobalSection(ExtensibilityGlobals) = postSolution
		SolutionGuid = {6C50BC63-8B0E-4A82-891D-3F54EB375819}
	EndGlobalSection
EndGlobal
